<Solution>
	<Project Path="App/Morris.Roslynk/Morris.Roslynk.csproj" />
	<Project Path="App/Morris.Roslynk.Mcp/Morris.Roslynk.Mcp.csproj" />
	<Project Path="App/Morris.Roslynk.AppHost/Morris.Roslynk.AppHost.csproj" />
	<Project Path="App/Morris.Roslynk.Tests/Morris.Roslynk.Tests.csproj" />
	<Project Path="App/Morris.Roslynk.McpTests/Morris.Roslynk.McpTests.csproj" />
</Solution>
